// !$*UTF8*$!
{
	archiveVersion = 1;
	classes = {
	};
	objectVersion = 77;
	objects = {

/* Begin PBXContainerItemProxy section */
		AC81ABB42E9AA4CC001CE88C /* PBXContainerItemProxy */ = {
			isa = PBXContainerItemProxy;
			containerPortal = AC81AB9E2E9AA4CA001CE88C /* Project object */;
			proxyType = 1;
			remoteGlobalIDString = AC81ABA52E9AA4CA001CE88C;
			remoteInfo = 360Surreal;
		};
		AC81ABBE2E9AA4CC001CE88C /* PBXContainerItemProxy */ = {
			isa = PBXContainerItemProxy;
			containerPortal = AC81AB9E2E9AA4CA001CE88C /* Project object */;
			proxyType = 1;
			remoteGlobalIDString = AC81ABA52E9AA4CA001CE88C;
			remoteInfo = 360Surreal;
		};
/* End PBXContainerItemProxy section */

/* Begin PBXFileReference section */
		AC81ABA62E9AA4CA001CE88C /* 360Surreal.app */ = {isa = PBXFileReference; explicitFileType = wrapper.application; includeInIndex = 0; path = 360Surreal.app; sourceTree = BUILT_PRODUCTS_DIR; };
		AC81ABB32E9AA4CC001CE88C /* 360SurrealTests.xctest */ = {isa = PBXFileReference; explicitFileType = wrapper.cfbundle; includeInIndex = 0; path = 360SurrealTests.xctest; sourceTree = BUILT_PRODUCTS_DIR; };
		AC81ABBD2E9AA4CC001CE88C /* 360SurrealUITests.xctest */ = {isa = PBXFileReference; explicitFileType = wrapper.cfbundle; includeInIndex = 0; path = 360SurrealUITests.xctest; sourceTree = BUILT_PRODUCTS_DIR; };
/* End PBXFileReference section */

/* Begin PBXFileSystemSynchronizedRootGroup section */
		AC81ABA82E9AA4CA001CE88C /* 360Surreal */ = {
			isa = PBXFileSystemSynchronizedRootGroup;
			path = 360Surreal;
			sourceTree = "<group>";
		};
		AC81ABB62E9AA4CC001CE88C /* 360SurrealTests */ = {
			isa = PBXFileSystemSynchronizedRootGroup;
			path = 360SurrealTests;
			sourceTree = "<group>";
		};
		AC81ABC02E9AA4CC001CE88C /* 360SurrealUITests */ = {
			isa = PBXFileSystemSynchronizedRootGroup;
			path = 360SurrealUITests;
			sourceTree = "<group>";
		};
/* End PBXFileSystemSynchronizedRootGroup section */

/* Begin PBXFrameworksBuildPhase section */
		AC81ABA32E9AA4CA001CE88C /* Frameworks */ = {
			isa = PBXFrameworksBuildPhase;
			buildActionMask = 2147483647;
			files = (
			);
			runOnlyForDeploymentPostprocessing = 0;
		};
		AC81ABB02E9AA4CC001CE88C /* Frameworks */ = {
			isa = PBXFrameworksBuildPhase;
			buildActionMask = 2147483647;
			files = (
			);
			runOnlyForDeploymentPostprocessing = 0;
		};
		AC81ABBA2E9AA4CC001CE88C /* Frameworks */ = {
			isa = PBXFrameworksBuildPhase;
			buildActionMask = 2147483647;
			files = (
			);
			runOnlyForDeploymentPostprocessing = 0;
		};
/* End PBXFrameworksBuildPhase section */

/* Begin PBXGroup section */
		AC81AB9D2E9AA4CA001CE88C = {
			isa = PBXGroup;
			children = (
				AC81ABA82E9AA4CA001CE88C /* 360Surreal */,
				AC81ABB62E9AA4CC001CE88C /* 360SurrealTests */,
				AC81ABC02E9AA4CC001CE88C /* 360SurrealUITests */,
				AC81ABA72E9AA4CA001CE88C /* Products */,
			);
			sourceTree = "<group>";
		};
		AC81ABA72E9AA4CA001CE88C /* Products */ = {
			isa = PBXGroup;
			children = (
				AC81ABA62E9AA4CA001CE88C /* 360Surreal.app */,
				AC81ABB32E9AA4CC001CE88C /* 360SurrealTests.xctest */,
				AC81ABBD2E9AA4CC001CE88C /* 360SurrealUITests.xctest */,
			);
			name = Products;
			sourceTree = "<group>";
		};
/* End PBXGroup section */

/* Begin PBXNativeTarget section */
		AC81ABA52E9AA4CA001CE88C /* 360Surreal */ = {
			isa = PBXNativeTarget;
			buildConfigurationList = AC81ABC72E9AA4CC001CE88C /* Build configuration list for PBXNativeTarget "360Surreal" */;
			buildPhases = (
				AC81ABA22E9AA4CA001CE88C /* Sources */,
				AC81ABA32E9AA4CA001CE88C /* Frameworks */,
				AC81ABA42E9AA4CA001CE88C /* Resources */,
			);
			buildRules = (
			);
			dependencies = (
			);
			fileSystemSynchronizedGroups = (
				AC81ABA82E9AA4CA001CE88C /* 360Surreal */,
			);
			name = 360Surreal;
			packageProductDependencies = (
			);
			productName = 360Surreal;
			productReference = AC81ABA62E9AA4CA001CE88C /* 360Surreal.app */;
			productType = "com.apple.product-type.application";
		};
		AC81ABB22E9AA4CC001CE88C /* 360SurrealTests */ = {
			isa = PBXNativeTarget;
			buildConfigurationList = AC81ABCA2E9AA4CC001CE88C /* Build configuration list for PBXNativeTarget "360SurrealTests" */;
			buildPhases = (
				AC81ABAF2E9AA4CC001CE88C /* Sources */,
				AC81ABB02E9AA4CC001CE88C /* Frameworks */,
				AC81ABB12E9AA4CC001CE88C /* Resources */,
			);
			buildRules = (
			);
			dependencies = (
				AC81ABB52E9AA4CC001CE88C /* PBXTargetDependency */,
			);
			fileSystemSynchronizedGroups = (
				AC81ABB62E9AA4CC001CE88C /* 360SurrealTests */,
			);
			name = 360SurrealTests;
			packageProductDependencies = (
			);
			productName = 360SurrealTests;
			productReference = AC81ABB32E9AA4CC001CE88C /* 360SurrealTests.xctest */;
			productType = "com.apple.product-type.bundle.unit-test";
		};
		AC81ABBC2E9AA4CC001CE88C /* 360SurrealUITests */ = {
			isa = PBXNativeTarget;
			buildConfigurationList = AC81ABCD2E9AA4CC001CE88C /* Build configuration list for PBXNativeTarget "360SurrealUITests" */;
			buildPhases = (
				AC81ABB92E9AA4CC001CE88C /* Sources */,
				AC81ABBA2E9AA4CC001CE88C /* Frameworks */,
				AC81ABBB2E9AA4CC001CE88C /* Resources */,
			);
			buildRules = (
			);
			dependencies = (
				AC81ABBF2E9AA4CC001CE88C /* PBXTargetDependency */,
			);
			fileSystemSynchronizedGroups = (
				AC81ABC02E9AA4CC001CE88C /* 360SurrealUITests */,
			);
			name = 360SurrealUITests;
			packageProductDependencies = (
			);
			productName = 360SurrealUITests;
			productReference = AC81ABBD2E9AA4CC001CE88C /* 360SurrealUITests.xctest */;
			productType = "com.apple.product-type.bundle.ui-testing";
		};
/* End PBXNativeTarget section */

/* Begin PBXProject section */
		AC81AB9E2E9AA4CA001CE88C /* Project object */ = {
			isa = PBXProject;
			attributes = {
				BuildIndependentTargetsInParallel = 1;
				LastSwiftUpdateCheck = 2600;
				LastUpgradeCheck = 2600;
				TargetAttributes = {
					AC81ABA52E9AA4CA001CE88C = {
						CreatedOnToolsVersion = 26.0.1;
					};
					AC81ABB22E9AA4CC001CE88C = {
						CreatedOnToolsVersion = 26.0.1;
						TestTargetID = AC81ABA52E9AA4CA001CE88C;
					};
					AC81ABBC2E9AA4CC001CE88C = {
						CreatedOnToolsVersion = 26.0.1;
						TestTargetID = AC81ABA52E9AA4CA001CE88C;
					};
				};
			};
			buildConfigurationList = AC81ABA12E9AA4CA001CE88C /* Build configuration list for PBXProject "360Surreal" */;
			developmentRegion = en;
			hasScannedForEncodings = 0;
			knownRegions = (
				en,
				Base,
			);
			mainGroup = AC81AB9D2E9AA4CA001CE88C;
			minimizedProjectReferenceProxies = 1;
			preferredProjectObjectVersion = 77;
			productRefGroup = AC81ABA72E9AA4CA001CE88C /* Products */;
			projectDirPath = "";
			projectRoot = "";
			targets = (
				AC81ABA52E9AA4CA001CE88C /* 360Surreal */,
				AC81ABB22E9AA4CC001CE88C /* 360SurrealTests */,
				AC81ABBC2E9AA4CC001CE88C /* 360SurrealUITests */,
			);
		};
/* End PBXProject section */

/* Begin PBXResourcesBuildPhase section */
		AC81ABA42E9AA4CA001CE88C /* Resources */ = {
			isa = PBXResourcesBuildPhase;
			buildActionMask = 2147483647;
			files = (
			);
			runOnlyForDeploymentPostprocessing = 0;
		};
		AC81ABB12E9AA4CC001CE88C /* Resources */ = {
			isa = PBXResourcesBuildPhase;
			buildActionMask = 2147483647;
			files = (
			);
			runOnlyForDeploymentPostprocessing = 0;
		};
		AC81ABBB2E9AA4CC001CE88C /* Resources */ = {
			isa = PBXResourcesBuildPhase;
			buildActionMask = 2147483647;
			files = (
			);
			runOnlyForDeploymentPostprocessing = 0;
		};
/* End PBXResourcesBuildPhase section */

/* Begin PBXSourcesBuildPhase section */
		AC81ABA22E9AA4CA001CE88C /* Sources */ = {
			isa = PBXSourcesBuildPhase;
			buildActionMask = 2147483647;
			files = (
			);
			runOnlyForDeploymentPostprocessing = 0;
		};
		AC81ABAF2E9AA4CC001CE88C /* Sources */ = {
			isa = PBXSourcesBuildPhase;
			buildActionMask = 2147483647;
			files = (
			);
			runOnlyForDeploymentPostprocessing = 0;
		};
		AC81ABB92E9AA4CC001CE88C /* Sources */ = {
			isa = PBXSourcesBuildPhase;
			buildActionMask = 2147483647;
			files = (
			);
			runOnlyForDeploymentPostprocessing = 0;
		};
/* End PBXSourcesBuildPhase section */

/* Begin PBXTargetDependency section */
		AC81ABB52E9AA4CC001CE88C /* PBXTargetDependency */ = {
			isa = PBXTargetDependency;
			target = AC81ABA52E9AA4CA001CE88C /* 360Surreal */;
			targetProxy = AC81ABB42E9AA4CC001CE88C /* PBXContainerItemProxy */;
		};
		AC81ABBF2E9AA4CC001CE88C /* PBXTargetDependency */ = {
			isa = PBXTargetDependency;
			target = AC81ABA52E9AA4CA001CE88C /* 360Surreal */;
			targetProxy = AC81ABBE2E9AA4CC001CE88C /* PBXContainerItemProxy */;
		};
/* End PBXTargetDependency section */

/* Begin XCBuildConfiguration section */
		AC81ABC52E9AA4CC001CE88C /* Debug */ = {
			isa = XCBuildConfiguration;
			buildSettings = {
				ALWAYS_SEARCH_USER_PATHS = NO;
				ASSETCATALOG_COMPILER_GENERATE_SWIFT_ASSET_SYMBOL_EXTENSIONS = YES;
				CLANG_ANALYZER_NONNULL = YES;
				CLANG_ANALYZER_NUMBER_OBJECT_CONVERSION = YES_AGGRESSIVE;
				CLANG_CXX_LANGUAGE_STANDARD = "gnu++20";
				CLANG_ENABLE_MODULES = YES;
				CLANG_ENABLE_OBJC_ARC = YES;
				CLANG_ENABLE_OBJC_WEAK = YES;
				CLANG_WARN_BLOCK_CAPTURE_AUTORELEASING = YES;
				CLANG_WARN_BOOL_CONVERSION = YES;
				CLANG_WARN_COMMA = YES;
				CLANG_WARN_CONSTANT_CONVERSION = YES;
				CLANG_WARN_DEPRECATED_OBJC_IMPLEMENTATIONS = YES;
				CLANG_WARN_DIRECT_OBJC_ISA_USAGE = YES_ERROR;
				CLANG_WARN_DOCUMENTATION_COMMENTS = YES;
				CLANG_WARN_EMPTY_BODY = YES;
				CLANG_WARN_ENUM_CONVERSION = YES;
				CLANG_WARN_INFINITE_RECURSION = YES;
				CLANG_WARN_INT_CONVERSION = YES;
				CLANG_WARN_NON_LITERAL_NULL_CONVERSION = YES;
				CLANG_WARN_OBJC_IMPLICIT_RETAIN_SELF = YES;
				CLANG_WARN_OBJC_LITERAL_CONVERSION = YES;
				CLANG_WARN_OBJC_ROOT_CLASS = YES_ERROR;
				CLANG_WARN_QUOTED_INCLUDE_IN_FRAMEWORK_HEADER = YES;
				CLANG_WARN_RANGE_LOOP_ANALYSIS = YES;
				CLANG_WARN_STRICT_PROTOTYPES = YES;
				CLANG_WARN_SUSPICIOUS_MOVE = YES;
				CLANG_WARN_UNGUARDED_AVAILABILITY = YES_AGGRESSIVE;
				CLANG_WARN_UNREACHABLE_CODE = YES;
				CLANG_WARN__DUPLICATE_METHOD_MATCH = YES;
				COPY_PHASE_STRIP = NO;
				DEBUG_INFORMATION_FORMAT = dwarf;
				DEVELOPMENT_TEAM = R6V4A724KN;
				ENABLE_STRICT_OBJC_MSGSEND = YES;
				ENABLE_TESTABILITY = YES;
				ENABLE_USER_SCRIPT_SANDBOXING = YES;
				GCC_C_LANGUAGE_STANDARD = gnu17;
				GCC_DYNAMIC_NO_PIC = NO;
				GCC_NO_COMMON_BLOCKS = YES;
				GCC_OPTIMIZATION_LEVEL = 0;
				GCC_PREPROCESSOR_DEFINITIONS = (
					"DEBUG=1",
					"$(inherited)",
				);
				GCC_WARN_64_TO_32_BIT_CONVERSION = YES;
				GCC_WARN_ABOUT_RETURN_TYPE = YES_ERROR;
				GCC_WARN_UNDECLARED_SELECTOR = YES;
				GCC_WARN_UNINITIALIZED_AUTOS = YES_AGGRESSIVE;
				GCC_WARN_UNUSED_FUNCTION = YES;
				GCC_WARN_UNUSED_VARIABLE = YES;
				IPHONEOS_DEPLOYMENT_TARGET = 26.0;
				LOCALIZATION_PREFERS_STRING_CATALOGS = YES;
				MTL_ENABLE_DEBUG_INFO = INCLUDE_SOURCE;
				MTL_FAST_MATH = YES;
				ONLY_ACTIVE_ARCH = YES;
				SDKROOT = iphoneos;
				SWIFT_ACTIVE_COMPILATION_CONDITIONS = "DEBUG $(inherited)";
				SWIFT_OPTIMIZATION_LEVEL = "-Onone";
			};
			name = Debug;
		};
		AC81ABC62E9AA4CC001CE88C /* Release */ = {
			isa = XCBuildConfiguration;
			buildSettings = {
				ALWAYS_SEARCH_USER_PATHS = NO;
				ASSETCATALOG_COMPILER_GENERATE_SWIFT_ASSET_SYMBOL_EXTENSIONS = YES;
				CLANG_ANALYZER_NONNULL = YES;
				CLANG_ANALYZER_NUMBER_OBJECT_CONVERSION = YES_AGGRESSIVE;
				CLANG_CXX_LANGUAGE_STANDARD = "gnu++20";
				CLANG_ENABLE_MODULES = YES;
				CLANG_ENABLE_OBJC_ARC = YES;
				CLANG_ENABLE_OBJC_WEAK = YES;
				CLANG_WARN_BLOCK_CAPTURE_AUTORELEASING = YES;
				CLANG_WARN_BOOL_CONVERSION = YES;
				CLANG_WARN_COMMA = YES;
				CLANG_WARN_CONSTANT_CONVERSION = YES;
				CLANG_WARN_DEPRECATED_OBJC_IMPLEMENTATIONS = YES;
				CLANG_WARN_DIRECT_OBJC_ISA_USAGE = YES_ERROR;
				CLANG_WARN_DOCUMENTATION_COMMENTS = YES;
				CLANG_WARN_EMPTY_BODY = YES;
				CLANG_WARN_ENUM_CONVERSION = YES;
				CLANG_WARN_INFINITE_RECURSION = YES;
				CLANG_WARN_INT_CONVERSION = YES;
				CLANG_WARN_NON_LITERAL_NULL_CONVERSION = YES;
				CLANG_WARN_OBJC_IMPLICIT_RETAIN_SELF = YES;
				CLANG_WARN_OBJC_LITERAL_CONVERSION = YES;
				CLANG_WARN_OBJC_ROOT_CLASS = YES_ERROR;
				CLANG_WARN_QUOTED_INCLUDE_IN_FRAMEWORK_HEADER = YES;
				CLANG_WARN_RANGE_LOOP_ANALYSIS = YES;
				CLANG_WARN_STRICT_PROTOTYPES = YES;
				CLANG_WARN_SUSPICIOUS_MOVE = YES;
				CLANG_WARN_UNGUARDED_AVAILABILITY = YES_AGGRESSIVE;
				CLANG_WARN_UNREACHABLE_CODE = YES;
				CLANG_WARN__DUPLICATE_METHOD_MATCH = YES;
				COPY_PHASE_STRIP = NO;
				DEBUG_INFORMATION_FORMAT = "dwarf-with-dsym";
				DEVELOPMENT_TEAM = R6V4A724KN;
				ENABLE_NS_ASSERTIONS = NO;
				ENABLE_STRICT_OBJC_MSGSEND = YES;
				ENABLE_USER_SCRIPT_SANDBOXING = YES;
				GCC_C_LANGUAGE_STANDARD = gnu17;
				GCC_NO_COMMON_BLOCKS = YES;
				GCC_WARN_64_TO_32_BIT_CONVERSION = YES;
				GCC_WARN_ABOUT_RETURN_TYPE = YES_ERROR;
				GCC_WARN_UNDECLARED_SELECTOR = YES;
				GCC_WARN_UNINITIALIZED_AUTOS = YES_AGGRESSIVE;
				GCC_WARN_UNUSED_FUNCTION = YES;
				GCC_WARN_UNUSED_VARIABLE = YES;
				IPHONEOS_DEPLOYMENT_TARGET = 26.0;
				LOCALIZATION_PREFERS_STRING_CATALOGS = YES;
				MTL_ENABLE_DEBUG_INFO = NO;
				MTL_FAST_MATH = YES;
				SDKROOT = iphoneos;
				SWIFT_COMPILATION_MODE = wholemodule;
				VALIDATE_PRODUCT = YES;
			};
			name = Release;
		};
		AC81ABC82E9AA4CC001CE88C /* Debug */ = {
			isa = XCBuildConfiguration;
			buildSettings = {
				ASSETCATALOG_COMPILER_APPICON_NAME = AppIcon;
				ASSETCATALOG_COMPILER_GLOBAL_ACCENT_COLOR_NAME = AccentColor;
				CODE_SIGN_STYLE = Automatic;
				CURRENT_PROJECT_VERSION = 1;
				DEVELOPMENT_TEAM = R6V4A724KN;
				ENABLE_PREVIEWS = YES;
				GENERATE_INFOPLIST_FILE = YES;
				INFOPLIST_KEY_UIApplicationSceneManifest_Generation = YES;
				INFOPLIST_KEY_UIApplicationSupportsIndirectInputEvents = YES;
				INFOPLIST_KEY_UILaunchScreen_Generation = YES;
				INFOPLIST_KEY_UISupportedInterfaceOrientations_iPad = "UIInterfaceOrientationPortrait UIInterfaceOrientationPortraitUpsideDown UIInterfaceOrientationLandscapeLeft UIInterfaceOrientationLandscapeRight";
				INFOPLIST_KEY_UISupportedInterfaceOrientations_iPhone = "UIInterfaceOrientationPortrait UIInterfaceOrientationLandscapeLeft UIInterfaceOrientationLandscapeRight";
				LD_RUNPATH_SEARCH_PATHS = (
					"$(inherited)",
					"@executable_path/Frameworks",
				);
				MARKETING_VERSION = 1.0;
				PRODUCT_BUNDLE_IDENTIFIER = "com.360surreal.crm.-60Surreal";
				PRODUCT_NAME = "$(TARGET_NAME)";
				STRING_CATALOG_GENERATE_SYMBOLS = YES;
				SWIFT_APPROACHABLE_CONCURRENCY = YES;
				SWIFT_DEFAULT_ACTOR_ISOLATION = MainActor;
				SWIFT_EMIT_LOC_STRINGS = YES;
				SWIFT_UPCOMING_FEATURE_MEMBER_IMPORT_VISIBILITY = YES;
				SWIFT_VERSION = 5.0;
				TARGETED_DEVICE_FAMILY = "1,2";
			};
			name = Debug;
		};
		AC81ABC92E9AA4CC001CE88C /* Release */ = {
			isa = XCBuildConfiguration;
			buildSettings = {
				ASSETCATALOG_COMPILER_APPICON_NAME = AppIcon;
				ASSETCATALOG_COMPILER_GLOBAL_ACCENT_COLOR_NAME = AccentColor;
				CODE_SIGN_STYLE = Automatic;
				CURRENT_PROJECT_VERSION = 1;
				DEVELOPMENT_TEAM = R6V4A724KN;
				ENABLE_PREVIEWS = YES;
				GENERATE_INFOPLIST_FILE = YES;
				INFOPLIST_KEY_UIApplicationSceneManifest_Generation = YES;
				INFOPLIST_KEY_UIApplicationSupportsIndirectInputEvents = YES;
				INFOPLIST_KEY_UILaunchScreen_Generation = YES;
				INFOPLIST_KEY_UISupportedInterfaceOrientations_iPad = "UIInterfaceOrientationPortrait UIInterfaceOrientationPortraitUpsideDown UIInterfaceOrientationLandscapeLeft UIInterfaceOrientationLandscapeRight";
				INFOPLIST_KEY_UISupportedInterfaceOrientations_iPhone = "UIInterfaceOrientationPortrait UIInterfaceOrientationLandscapeLeft UIInterfaceOrientationLandscapeRight";
				LD_RUNPATH_SEARCH_PATHS = (
					"$(inherited)",
					"@executable_path/Frameworks",
				);
				MARKETING_VERSION = 1.0;
				PRODUCT_BUNDLE_IDENTIFIER = "com.360surreal.crm.-60Surreal";
				PRODUCT_NAME = "$(TARGET_NAME)";
				STRING_CATALOG_GENERATE_SYMBOLS = YES;
				SWIFT_APPROACHABLE_CONCURRENCY = YES;
				SWIFT_DEFAULT_ACTOR_ISOLATION = MainActor;
				SWIFT_EMIT_LOC_STRINGS = YES;
				SWIFT_UPCOMING_FEATURE_MEMBER_IMPORT_VISIBILITY = YES;
				SWIFT_VERSION = 5.0;
				TARGETED_DEVICE_FAMILY = "1,2";
			};
			name = Release;
		};
		AC81ABCB2E9AA4CC001CE88C /* Debug */ = {
			isa = XCBuildConfiguration;
			buildSettings = {
				BUNDLE_LOADER = "$(TEST_HOST)";
				CODE_SIGN_STYLE = Automatic;
				CURRENT_PROJECT_VERSION = 1;
				DEVELOPMENT_TEAM = R6V4A724KN;
				GENERATE_INFOPLIST_FILE = YES;
				IPHONEOS_DEPLOYMENT_TARGET = 26.0;
				MARKETING_VERSION = 1.0;
				PRODUCT_BUNDLE_IDENTIFIER = "com.360surreal.crm.-60SurrealTests";
				PRODUCT_NAME = "$(TARGET_NAME)";
				STRING_CATALOG_GENERATE_SYMBOLS = NO;
				SWIFT_APPROACHABLE_CONCURRENCY = YES;
				SWIFT_EMIT_LOC_STRINGS = NO;
				SWIFT_UPCOMING_FEATURE_MEMBER_IMPORT_VISIBILITY = YES;
				SWIFT_VERSION = 5.0;
				TARGETED_DEVICE_FAMILY = "1,2";
				TEST_HOST = "$(BUILT_PRODUCTS_DIR)/360Surreal.app/$(BUNDLE_EXECUTABLE_FOLDER_PATH)/360Surreal";
			};
			name = Debug;
		};
		AC81ABCC2E9AA4CC001CE88C /* Release */ = {
			isa = XCBuildConfiguration;
			buildSettings = {
				BUNDLE_LOADER = "$(TEST_HOST)";
				CODE_SIGN_STYLE = Automatic;
				CURRENT_PROJECT_VERSION = 1;
				DEVELOPMENT_TEAM = R6V4A724KN;
				GENERATE_INFOPLIST_FILE = YES;
				IPHONEOS_DEPLOYMENT_TARGET = 26.0;
				MARKETING_VERSION = 1.0;
				PRODUCT_BUNDLE_IDENTIFIER = "com.360surreal.crm.-60SurrealTests";
				PRODUCT_NAME = "$(TARGET_NAME)";
				STRING_CATALOG_GENERATE_SYMBOLS = NO;
				SWIFT_APPROACHABLE_CONCURRENCY = YES;
				SWIFT_EMIT_LOC_STRINGS = NO;
				SWIFT_UPCOMING_FEATURE_MEMBER_IMPORT_VISIBILITY = YES;
				SWIFT_VERSION = 5.0;
				TARGETED_DEVICE_FAMILY = "1,2";
				TEST_HOST = "$(BUILT_PRODUCTS_DIR)/360Surreal.app/$(BUNDLE_EXECUTABLE_FOLDER_PATH)/360Surreal";
			};
			name = Release;
		};
		AC81ABCE2E9AA4CC001CE88C /* Debug */ = {
			isa = XCBuildConfiguration;
			buildSettings = {
				CODE_SIGN_STYLE = Automatic;
				CURRENT_PROJECT_VERSION = 1;
				DEVELOPMENT_TEAM = R6V4A724KN;
				GENERATE_INFOPLIST_FILE = YES;
				MARKETING_VERSION = 1.0;
				PRODUCT_BUNDLE_IDENTIFIER = "com.360surreal.crm.-60SurrealUITests";
				PRODUCT_NAME = "$(TARGET_NAME)";
				STRING_CATALOG_GENERATE_SYMBOLS = NO;
				SWIFT_APPROACHABLE_CONCURRENCY = YES;
				SWIFT_EMIT_LOC_STRINGS = NO;
				SWIFT_UPCOMING_FEATURE_MEMBER_IMPORT_VISIBILITY = YES;
				SWIFT_VERSION = 5.0;
				TARGETED_DEVICE_FAMILY = "1,2";
				TEST_TARGET_NAME = 360Surreal;
			};
			name = Debug;
		};
		AC81ABCF2E9AA4CC001CE88C /* Release */ = {
			isa = XCBuildConfiguration;
			buildSettings = {
				CODE_SIGN_STYLE = Automatic;
				CURRENT_PROJECT_VERSION = 1;
				DEVELOPMENT_TEAM = R6V4A724KN;
				GENERATE_INFOPLIST_FILE = YES;
				MARKETING_VERSION = 1.0;
				PRODUCT_BUNDLE_IDENTIFIER = "com.360surreal.crm.-60SurrealUITests";
				PRODUCT_NAME = "$(TARGET_NAME)";
				STRING_CATALOG_GENERATE_SYMBOLS = NO;
				SWIFT_APPROACHABLE_CONCURRENCY = YES;
				SWIFT_EMIT_LOC_STRINGS = NO;
				SWIFT_UPCOMING_FEATURE_MEMBER_IMPORT_VISIBILITY = YES;
				SWIFT_VERSION = 5.0;
				TARGETED_DEVICE_FAMILY = "1,2";
				TEST_TARGET_NAME = 360Surreal;
			};
			name = Release;
		};
/* End XCBuildConfiguration section */

/* Begin XCConfigurationList section */
		AC81ABA12E9AA4CA001CE88C /* Build configuration list for PBXProject "360Surreal" */ = {
			isa = XCConfigurationList;
			buildConfigurations = (
				AC81ABC52E9AA4CC001CE88C /* Debug */,
				AC81ABC62E9AA4CC001CE88C /* Release */,
			);
			defaultConfigurationIsVisible = 0;
			defaultConfigurationName = Release;
		};
		AC81ABC72E9AA4CC001CE88C /* Build configuration list for PBXNativeTarget "360Surreal" */ = {
			isa = XCConfigurationList;
			buildConfigurations = (
				AC81ABC82E9AA4CC001CE88C /* Debug */,
				AC81ABC92E9AA4CC001CE88C /* Release */,
			);
			defaultConfigurationIsVisible = 0;
			defaultConfigurationName = Release;
		};
		AC81ABCA2E9AA4CC001CE88C /* Build configuration list for PBXNativeTarget "360SurrealTests" */ = {
			isa = XCConfigurationList;
			buildConfigurations = (
				AC81ABCB2E9AA4CC001CE88C /* Debug */,
				AC81ABCC2E9AA4CC001CE88C /* Release */,
			);
			defaultConfigurationIsVisible = 0;
			defaultConfigurationName = Release;
		};
		AC81ABCD2E9AA4CC001CE88C /* Build configuration list for PBXNativeTarget "360SurrealUITests" */ = {
			isa = XCConfigurationList;
			buildConfigurations = (
				AC81ABCE2E9AA4CC001CE88C /* Debug */,
				AC81ABCF2E9AA4CC001CE88C /* Release */,
			);
			defaultConfigurationIsVisible = 0;
			defaultConfigurationName = Release;
		};
/* End XCConfigurationList section */
	};
	rootObject = AC81AB9E2E9AA4CA001CE88C /* Project object */;
}
